// !$*UTF8*$!
{
	archiveVersion = 1;
	classes = {
	};
	objectVersion = 50;
	objects = {

/* Begin PBXBuildFile section */
		6BDA46C225D273F1002EB204 /* AppDelegate.swift in Sources */ = {isa = PBXBuildFile; fileRef = 6BDA46C125D273F1002EB204 /* AppDelegate.swift */; };
		6BDA46C425D273F1002EB204 /* SceneDelegate.swift in Sources */ = {isa = PBXBuildFile; fileRef = 6BDA46C325D273F1002EB204 /* SceneDelegate.swift */; };
		6BDA46C625D273F1002EB204 /* ViewController.swift in Sources */ = {isa = PBXBuildFile; fileRef = 6BDA46C525D273F1002EB204 /* ViewController.swift */; };
		6BDA46C925D273F1002EB204 /* Main.storyboard in Resources */ = {isa = PBXBuildFile; fileRef = 6BDA46C725D273F1002EB204 /* Main.storyboard */; };
		6BDA46CB25D273F2002EB204 /* Assets.xcassets in Resources */ = {isa = PBXBuildFile; fileRef = 6BDA46CA25D273F2002EB204 /* Assets.xcassets */; };
		6BDA46CE25D273F2002EB204 /* LaunchScreen.storyboard in Resources */ = {isa = PBXBuildFile; fileRef = 6BDA46CC25D273F2002EB204 /* LaunchScreen.storyboard */; };
		6BDA46EA25D27452002EB204 /* isValidEmail + ext.swift in Sources */ = {isa = PBXBuildFile; fileRef = 6BDA46DA25D27452002EB204 /* isValidEmail + ext.swift */; };
		6BDA46EB25D27452002EB204 /* Uzanti+UIView+Stack.swift in Sources */ = {isa = PBXBuildFile; fileRef = 6BDA46DC25D27452002EB204 /* Uzanti+UIView+Stack.swift */; };
		6BDA46EC25D27452002EB204 /* Uzanti+UITextView.swift in Sources */ = {isa = PBXBuildFile; fileRef = 6BDA46DD25D27452002EB204 /* Uzanti+UITextView.swift */; };
		6BDA46ED25D27452002EB204 /* Uzantilar+UIView.swift in Sources */ = {isa = PBXBuildFile; fileRef = 6BDA46DE25D27452002EB204 /* Uzantilar+UIView.swift */; };
		6BDA46EE25D27452002EB204 /* ImageViewAspectFill.swift in Sources */ = {isa = PBXBuildFile; fileRef = 6BDA46DF25D27452002EB204 /* ImageViewAspectFill.swift */; };
		6BDA46EF25D27452002EB204 /* Uzanti+UITextField.swift in Sources */ = {isa = PBXBuildFile; fileRef = 6BDA46E025D27452002EB204 /* Uzanti+UITextField.swift */; };
		6BDA46F025D27452002EB204 /* ImageViewAspectFit.swift in Sources */ = {isa = PBXBuildFile; fileRef = 6BDA46E125D27452002EB204 /* ImageViewAspectFit.swift */; };
		6BDA46F125D27452002EB204 /* Uzanti+UIButton.swift in Sources */ = {isa = PBXBuildFile; fileRef = 6BDA46E225D27452002EB204 /* Uzanti+UIButton.swift */; };
		6BDA46F225D27452002EB204 /* Uzanti+UIStackView.swift in Sources */ = {isa = PBXBuildFile; fileRef = 6BDA46E325D27452002EB204 /* Uzanti+UIStackView.swift */; };
		6BDA46F325D27452002EB204 /* Uzanti+UILabel.swift in Sources */ = {isa = PBXBuildFile; fileRef = 6BDA46E425D27452002EB204 /* Uzanti+UILabel.swift */; };
		6BDA46F425D27452002EB204 /* TextFieldIntend.swift in Sources */ = {isa = PBXBuildFile; fileRef = 6BDA46E525D27452002EB204 /* TextFieldIntend.swift */; };
		6BDA46F525D27452002EB204 /* Uzanti+UIColor.swift in Sources */ = {isa = PBXBuildFile; fileRef = 6BDA46E625D27452002EB204 /* Uzanti+UIColor.swift */; };
		6BDA46F625D27452002EB204 /* Bindeable.swift in Sources */ = {isa = PBXBuildFile; fileRef = 6BDA46E725D27452002EB204 /* Bindeable.swift */; };
		6BDA46F725D27452002EB204 /* Uzanti+Date.swift in Sources */ = {isa = PBXBuildFile; fileRef = 6BDA46E825D27452002EB204 /* Uzanti+Date.swift */; };
		6BDA46F825D27452002EB204 /* OzelTextField.swift in Sources */ = {isa = PBXBuildFile; fileRef = 6BDA46E925D27452002EB204 /* OzelTextField.swift */; };
/* End PBXBuildFile section */

/* Begin PBXFileReference section */
		6BDA46BE25D273F1002EB204 /* GradientView.app */ = {isa = PBXFileReference; explicitFileType = wrapper.application; includeInIndex = 0; path = GradientView.app; sourceTree = BUILT_PRODUCTS_DIR; };
		6BDA46C125D273F1002EB204 /* AppDelegate.swift */ = {isa = PBXFileReference; lastKnownFileType = sourcecode.swift; path = AppDelegate.swift; sourceTree = "<group>"; };
		6BDA46C325D273F1002EB204 /* SceneDelegate.swift */ = {isa = PBXFileReference; lastKnownFileType = sourcecode.swift; path = SceneDelegate.swift; sourceTree = "<group>"; };
		6BDA46C525D273F1002EB204 /* ViewController.swift */ = {isa = PBXFileReference; lastKnownFileType = sourcecode.swift; path = ViewController.swift; sourceTree = "<group>"; };
		6BDA46C825D273F1002EB204 /* Base */ = {isa = PBXFileReference; lastKnownFileType = file.storyboard; name = Base; path = Base.lproj/Main.storyboard; sourceTree = "<group>"; };
		6BDA46CA25D273F2002EB204 /* Assets.xcassets */ = {isa = PBXFileReference; lastKnownFileType = folder.assetcatalog; path = Assets.xcassets; sourceTree = "<group>"; };
		6BDA46CD25D273F2002EB204 /* Base */ = {isa = PBXFileReference; lastKnownFileType = file.storyboard; name = Base; path = Base.lproj/LaunchScreen.storyboard; sourceTree = "<group>"; };
		6BDA46CF25D273F2002EB204 /* Info.plist */ = {isa = PBXFileReference; lastKnownFileType = text.plist.xml; path = Info.plist; sourceTree = "<group>"; };
		6BDA46DA25D27452002EB204 /* isValidEmail + ext.swift */ = {isa = PBXFileReference; fileEncoding = 4; lastKnownFileType = sourcecode.swift; path = "isValidEmail + ext.swift"; sourceTree = "<group>"; };
		6BDA46DC25D27452002EB204 /* Uzanti+UIView+Stack.swift */ = {isa = PBXFileReference; fileEncoding = 4; lastKnownFileType = sourcecode.swift; path = "Uzanti+UIView+Stack.swift"; sourceTree = "<group>"; };
		6BDA46DD25D27452002EB204 /* Uzanti+UITextView.swift */ = {isa = PBXFileReference; fileEncoding = 4; lastKnownFileType = sourcecode.swift; path = "Uzanti+UITextView.swift"; sourceTree = "<group>"; };
		6BDA46DE25D27452002EB204 /* Uzantilar+UIView.swift */ = {isa = PBXFileReference; fileEncoding = 4; lastKnownFileType = sourcecode.swift; path = "Uzantilar+UIView.swift"; sourceTree = "<group>"; };
		6BDA46DF25D27452002EB204 /* ImageViewAspectFill.swift */ = {isa = PBXFileReference; fileEncoding = 4; lastKnownFileType = sourcecode.swift; path = ImageViewAspectFill.swift; sourceTree = "<group>"; };
		6BDA46E025D27452002EB204 /* Uzanti+UITextField.swift */ = {isa = PBXFileReference; fileEncoding = 4; lastKnownFileType = sourcecode.swift; path = "Uzanti+UITextField.swift"; sourceTree = "<group>"; };
		6BDA46E125D27452002EB204 /* ImageViewAspectFit.swift */ = {isa = PBXFileReference; fileEncoding = 4; lastKnownFileType = sourcecode.swift; path = ImageViewAspectFit.swift; sourceTree = "<group>"; };
		6BDA46E225D27452002EB204 /* Uzanti+UIButton.swift */ = {isa = PBXFileReference; fileEncoding = 4; lastKnownFileType = sourcecode.swift; path = "Uzanti+UIButton.swift"; sourceTree = "<group>"; };
		6BDA46E325D27452002EB204 /* Uzanti+UIStackView.swift */ = {isa = PBXFileReference; fileEncoding = 4; lastKnownFileType = sourcecode.swift; path = "Uzanti+UIStackView.swift"; sourceTree = "<group>"; };
		6BDA46E425D27452002EB204 /* Uzanti+UILabel.swift */ = {isa = PBXFileReference; fileEncoding = 4; lastKnownFileType = sourcecode.swift; path = "Uzanti+UILabel.swift"; sourceTree = "<group>"; };
		6BDA46E525D27452002EB204 /* TextFieldIntend.swift */ = {isa = PBXFileReference; fileEncoding = 4; lastKnownFileType = sourcecode.swift; path = TextFieldIntend.swift; sourceTree = "<group>"; };
		6BDA46E625D27452002EB204 /* Uzanti+UIColor.swift */ = {isa = PBXFileReference; fileEncoding = 4; lastKnownFileType = sourcecode.swift; path = "Uzanti+UIColor.swift"; sourceTree = "<group>"; };
		6BDA46E725D27452002EB204 /* Bindeable.swift */ = {isa = PBXFileReference; fileEncoding = 4; lastKnownFileType = sourcecode.swift; path = Bindeable.swift; sourceTree = "<group>"; };
		6BDA46E825D27452002EB204 /* Uzanti+Date.swift */ = {isa = PBXFileReference; fileEncoding = 4; lastKnownFileType = sourcecode.swift; path = "Uzanti+Date.swift"; sourceTree = "<group>"; };
		6BDA46E925D27452002EB204 /* OzelTextField.swift */ = {isa = PBXFileReference; fileEncoding = 4; lastKnownFileType = sourcecode.swift; path = OzelTextField.swift; sourceTree = "<group>"; };
/* End PBXFileReference section */

/* Begin PBXFrameworksBuildPhase section */
		6BDA46BB25D273F1002EB204 /* Frameworks */ = {
			isa = PBXFrameworksBuildPhase;
			buildActionMask = 2147483647;
			files = (
			);
			runOnlyForDeploymentPostprocessing = 0;
		};
/* End PBXFrameworksBuildPhase section */

/* Begin PBXGroup section */
		6BDA46B525D273F1002EB204 = {
			isa = PBXGroup;
			children = (
				6BDA46C025D273F1002EB204 /* GradientView */,
				6BDA46BF25D273F1002EB204 /* Products */,
			);
			sourceTree = "<group>";
		};
		6BDA46BF25D273F1002EB204 /* Products */ = {
			isa = PBXGroup;
			children = (
				6BDA46BE25D273F1002EB204 /* GradientView.app */,
			);
			name = Products;
			sourceTree = "<group>";
		};
		6BDA46C025D273F1002EB204 /* GradientView */ = {
			isa = PBXGroup;
			children = (
				6BDA46C125D273F1002EB204 /* AppDelegate.swift */,
				6BDA46C325D273F1002EB204 /* SceneDelegate.swift */,
				6BDA46C525D273F1002EB204 /* ViewController.swift */,
				6BDA46C725D273F1002EB204 /* Main.storyboard */,
				6BDA46CA25D273F2002EB204 /* Assets.xcassets */,
				6BDA46CC25D273F2002EB204 /* LaunchScreen.storyboard */,
				6BDA46CF25D273F2002EB204 /* Info.plist */,
				6BDA46D925D27452002EB204 /* Faydali Dosyalar */,
			);
			path = GradientView;
			sourceTree = "<group>";
		};
		6BDA46D925D27452002EB204 /* Faydali Dosyalar */ = {
			isa = PBXGroup;
			children = (
				6BDA46DA25D27452002EB204 /* isValidEmail + ext.swift */,
				6BDA46DB25D27452002EB204 /* UzantilarFS */,
				6BDA46E625D27452002EB204 /* Uzanti+UIColor.swift */,
				6BDA46E725D27452002EB204 /* Bindeable.swift */,
				6BDA46E825D27452002EB204 /* Uzanti+Date.swift */,
				6BDA46E925D27452002EB204 /* OzelTextField.swift */,
			);
			path = "Faydali Dosyalar";
			sourceTree = "<group>";
		};
		6BDA46DB25D27452002EB204 /* UzantilarFS */ = {
			isa = PBXGroup;
			children = (
				6BDA46DC25D27452002EB204 /* Uzanti+UIView+Stack.swift */,
				6BDA46DD25D27452002EB204 /* Uzanti+UITextView.swift */,
				6BDA46DE25D27452002EB204 /* Uzantilar+UIView.swift */,
				6BDA46DF25D27452002EB204 /* ImageViewAspectFill.swift */,
				6BDA46E025D27452002EB204 /* Uzanti+UITextField.swift */,
				6BDA46E125D27452002EB204 /* ImageViewAspectFit.swift */,
				6BDA46E225D27452002EB204 /* Uzanti+UIButton.swift */,
				6BDA46E325D27452002EB204 /* Uzanti+UIStackView.swift */,
				6BDA46E425D27452002EB204 /* Uzanti+UILabel.swift */,
				6BDA46E525D27452002EB204 /* TextFieldIntend.swift */,
			);
			path = UzantilarFS;
			sourceTree = "<group>";
		};
/* End PBXGroup section */

/* Begin PBXNativeTarget section */
		6BDA46BD25D273F1002EB204 /* GradientView */ = {
			isa = PBXNativeTarget;
			buildConfigurationList = 6BDA46D225D273F2002EB204 /* Build configuration list for PBXNativeTarget "GradientView" */;
			buildPhases = (
				6BDA46BA25D273F1002EB204 /* Sources */,
				6BDA46BB25D273F1002EB204 /* Frameworks */,
				6BDA46BC25D273F1002EB204 /* Resources */,
			);
			buildRules = (
			);
			dependencies = (
			);
			name = GradientView;
			productName = GradientView;
			productReference = 6BDA46BE25D273F1002EB204 /* GradientView.app */;
			productType = "com.apple.product-type.application";
		};
/* End PBXNativeTarget section */

/* Begin PBXProject section */
		6BDA46B625D273F1002EB204 /* Project object */ = {
			isa = PBXProject;
			attributes = {
				LastSwiftUpdateCheck = 1240;
				LastUpgradeCheck = 1240;
				TargetAttributes = {
					6BDA46BD25D273F1002EB204 = {
						CreatedOnToolsVersion = 12.4;
					};
				};
			};
			buildConfigurationList = 6BDA46B925D273F1002EB204 /* Build configuration list for PBXProject "GradientView" */;
			compatibilityVersion = "Xcode 9.3";
			developmentRegion = en;
			hasScannedForEncodings = 0;
			knownRegions = (
				en,
				Base,
			);
			mainGroup = 6BDA46B525D273F1002EB204;
			productRefGroup = 6BDA46BF25D273F1002EB204 /* Products */;
			projectDirPath = "";
			projectRoot = "";
			targets = (
				6BDA46BD25D273F1002EB204 /* GradientView */,
			);
		};
/* End PBXProject section */

/* Begin PBXResourcesBuildPhase section */
		6BDA46BC25D273F1002EB204 /* Resources */ = {
			isa = PBXResourcesBuildPhase;
			buildActionMask = 2147483647;
			files = (
				6BDA46CE25D273F2002EB204 /* LaunchScreen.storyboard in Resources */,
				6BDA46CB25D273F2002EB204 /* Assets.xcassets in Resources */,
				6BDA46C925D273F1002EB204 /* Main.storyboard in Resources */,
			);
			runOnlyForDeploymentPostprocessing = 0;
		};
/* End PBXResourcesBuildPhase section */

/* Begin PBXSourcesBuildPhase section */
		6BDA46BA25D273F1002EB204 /* Sources */ = {
			isa = PBXSourcesBuildPhase;
			buildActionMask = 2147483647;
			files = (
				6BDA46EF25D27452002EB204 /* Uzanti+UITextField.swift in Sources */,
				6BDA46F625D27452002EB204 /* Bindeable.swift in Sources */,
				6BDA46F425D27452002EB204 /* TextFieldIntend.swift in Sources */,
				6BDA46F525D27452002EB204 /* Uzanti+UIColor.swift in Sources */,
				6BDA46EB25D27452002EB204 /* Uzanti+UIView+Stack.swift in Sources */,
				6BDA46EE25D27452002EB204 /* ImageViewAspectFill.swift in Sources */,
				6BDA46C625D273F1002EB204 /* ViewController.swift in Sources */,
				6BDA46F225D27452002EB204 /* Uzanti+UIStackView.swift in Sources */,
				6BDA46F725D27452002EB204 /* Uzanti+Date.swift in Sources */,
				6BDA46F125D27452002EB204 /* Uzanti+UIButton.swift in Sources */,
				6BDA46C225D273F1002EB204 /* AppDelegate.swift in Sources */,
				6BDA46EC25D27452002EB204 /* Uzanti+UITextView.swift in Sources */,
				6BDA46EA25D27452002EB204 /* isValidEmail + ext.swift in Sources */,
				6BDA46C425D273F1002EB204 /* SceneDelegate.swift in Sources */,
				6BDA46F825D27452002EB204 /* OzelTextField.swift in Sources */,
				6BDA46F325D27452002EB204 /* Uzanti+UILabel.swift in Sources */,
				6BDA46F025D27452002EB204 /* ImageViewAspectFit.swift in Sources */,
				6BDA46ED25D27452002EB204 /* Uzantilar+UIView.swift in Sources */,
			);
			runOnlyForDeploymentPostprocessing = 0;
		};
/* End PBXSourcesBuildPhase section */

/* Begin PBXVariantGroup section */
		6BDA46C725D273F1002EB204 /* Main.storyboard */ = {
			isa = PBXVariantGroup;
			children = (
				6BDA46C825D273F1002EB204 /* Base */,
			);
			name = Main.storyboard;
			sourceTree = "<group>";
		};
		6BDA46CC25D273F2002EB204 /* LaunchScreen.storyboard */ = {
			isa = PBXVariantGroup;
			children = (
				6BDA46CD25D273F2002EB204 /* Base */,
			);
			name = LaunchScreen.storyboard;
			sourceTree = "<group>";
		};
/* End PBXVariantGroup section */

/* Begin XCBuildConfiguration section */
		6BDA46D025D273F2002EB204 /* Debug */ = {
			isa = XCBuildConfiguration;
			buildSettings = {
				ALWAYS_SEARCH_USER_PATHS = NO;
				CLANG_ANALYZER_NONNULL = YES;
				CLANG_ANALYZER_NUMBER_OBJECT_CONVERSION = YES_AGGRESSIVE;
				CLANG_CXX_LANGUAGE_STANDARD = "gnu++14";
				CLANG_CXX_LIBRARY = "libc++";
				CLANG_ENABLE_MODULES = YES;
				CLANG_ENABLE_OBJC_ARC = YES;
				CLANG_ENABLE_OBJC_WEAK = YES;
				CLANG_WARN_BLOCK_CAPTURE_AUTORELEASING = YES;
				CLANG_WARN_BOOL_CONVERSION = YES;
				CLANG_WARN_COMMA = YES;
				CLANG_WARN_CONSTANT_CONVERSION = YES;
				CLANG_WARN_DEPRECATED_OBJC_IMPLEMENTATIONS = YES;
				CLANG_WARN_DIRECT_OBJC_ISA_USAGE = YES_ERROR;
				CLANG_WARN_DOCUMENTATION_COMMENTS = YES;
				CLANG_WARN_EMPTY_BODY = YES;
				CLANG_WARN_ENUM_CONVERSION = YES;
				CLANG_WARN_INFINITE_RECURSION = YES;
				CLANG_WARN_INT_CONVERSION = YES;
				CLANG_WARN_NON_LITERAL_NULL_CONVERSION = YES;
				CLANG_WARN_OBJC_IMPLICIT_RETAIN_SELF = YES;
				CLANG_WARN_OBJC_LITERAL_CONVERSION = YES;
				CLANG_WARN_OBJC_ROOT_CLASS = YES_ERROR;
				CLANG_WARN_QUOTED_INCLUDE_IN_FRAMEWORK_HEADER = YES;
				CLANG_WARN_RANGE_LOOP_ANALYSIS = YES;
				CLANG_WARN_STRICT_PROTOTYPES = YES;
				CLANG_WARN_SUSPICIOUS_MOVE = YES;
				CLANG_WARN_UNGUARDED_AVAILABILITY = YES_AGGRESSIVE;
				CLANG_WARN_UNREACHABLE_CODE = YES;
				CLANG_WARN__DUPLICATE_METHOD_MATCH = YES;
				COPY_PHASE_STRIP = NO;
				DEBUG_INFORMATION_FORMAT = dwarf;
				ENABLE_STRICT_OBJC_MSGSEND = YES;
				ENABLE_TESTABILITY = YES;
				GCC_C_LANGUAGE_STANDARD = gnu11;
				GCC_DYNAMIC_NO_PIC = NO;
				GCC_NO_COMMON_BLOCKS = YES;
				GCC_OPTIMIZATION_LEVEL = 0;
				GCC_PREPROCESSOR_DEFINITIONS = (
					"DEBUG=1",
					"$(inherited)",
				);
				GCC_WARN_64_TO_32_BIT_CONVERSION = YES;
				GCC_WARN_ABOUT_RETURN_TYPE = YES_ERROR;
				GCC_WARN_UNDECLARED_SELECTOR = YES;
				GCC_WARN_UNINITIALIZED_AUTOS = YES_AGGRESSIVE;
				GCC_WARN_UNUSED_FUNCTION = YES;
				GCC_WARN_UNUSED_VARIABLE = YES;
				IPHONEOS_DEPLOYMENT_TARGET = 14.4;
				MTL_ENABLE_DEBUG_INFO = INCLUDE_SOURCE;
				MTL_FAST_MATH = YES;
				ONLY_ACTIVE_ARCH = YES;
				SDKROOT = iphoneos;
				SWIFT_ACTIVE_COMPILATION_CONDITIONS = DEBUG;
				SWIFT_OPTIMIZATION_LEVEL = "-Onone";
			};
			name = Debug;
		};
		6BDA46D125D273F2002EB204 /* Release */ = {
			isa = XCBuildConfiguration;
			buildSettings = {
				ALWAYS_SEARCH_USER_PATHS = NO;
				CLANG_ANALYZER_NONNULL = YES;
				CLANG_ANALYZER_NUMBER_OBJECT_CONVERSION = YES_AGGRESSIVE;
				CLANG_CXX_LANGUAGE_STANDARD = "gnu++14";
				CLANG_CXX_LIBRARY = "libc++";
				CLANG_ENABLE_MODULES = YES;
				CLANG_ENABLE_OBJC_ARC = YES;
				CLANG_ENABLE_OBJC_WEAK = YES;
				CLANG_WARN_BLOCK_CAPTURE_AUTORELEASING = YES;
				CLANG_WARN_BOOL_CONVERSION = YES;
				CLANG_WARN_COMMA = YES;
				CLANG_WARN_CONSTANT_CONVERSION = YES;
				CLANG_WARN_DEPRECATED_OBJC_IMPLEMENTATIONS = YES;
				CLANG_WARN_DIRECT_OBJC_ISA_USAGE = YES_ERROR;
				CLANG_WARN_DOCUMENTATION_COMMENTS = YES;
				CLANG_WARN_EMPTY_BODY = YES;
				CLANG_WARN_ENUM_CONVERSION = YES;
				CLANG_WARN_INFINITE_RECURSION = YES;
				CLANG_WARN_INT_CONVERSION = YES;
				CLANG_WARN_NON_LITERAL_NULL_CONVERSION = YES;
				CLANG_WARN_OBJC_IMPLICIT_RETAIN_SELF = YES;
				CLANG_WARN_OBJC_LITERAL_CONVERSION = YES;
				CLANG_WARN_OBJC_ROOT_CLASS = YES_ERROR;
				CLANG_WARN_QUOTED_INCLUDE_IN_FRAMEWORK_HEADER = YES;
				CLANG_WARN_RANGE_LOOP_ANALYSIS = YES;
				CLANG_WARN_STRICT_PROTOTYPES = YES;
				CLANG_WARN_SUSPICIOUS_MOVE = YES;
				CLANG_WARN_UNGUARDED_AVAILABILITY = YES_AGGRESSIVE;
				CLANG_WARN_UNREACHABLE_CODE = YES;
				CLANG_WARN__DUPLICATE_METHOD_MATCH = YES;
				COPY_PHASE_STRIP = NO;
				DEBUG_INFORMATION_FORMAT = "dwarf-with-dsym";
				ENABLE_NS_ASSERTIONS = NO;
				ENABLE_STRICT_OBJC_MSGSEND = YES;
				GCC_C_LANGUAGE_STANDARD = gnu11;
				GCC_NO_COMMON_BLOCKS = YES;
				GCC_WARN_64_TO_32_BIT_CONVERSION = YES;
				GCC_WARN_ABOUT_RETURN_TYPE = YES_ERROR;
				GCC_WARN_UNDECLARED_SELECTOR = YES;
				GCC_WARN_UNINITIALIZED_AUTOS = YES_AGGRESSIVE;
				GCC_WARN_UNUSED_FUNCTION = YES;
				GCC_WARN_UNUSED_VARIABLE = YES;
				IPHONEOS_DEPLOYMENT_TARGET = 14.4;
				MTL_ENABLE_DEBUG_INFO = NO;
				MTL_FAST_MATH = YES;
				SDKROOT = iphoneos;
				SWIFT_COMPILATION_MODE = wholemodule;
				SWIFT_OPTIMIZATION_LEVEL = "-O";
				VALIDATE_PRODUCT = YES;
			};
			name = Release;
		};
		6BDA46D325D273F2002EB204 /* Debug */ = {
			isa = XCBuildConfiguration;
			buildSettings = {
				ASSETCATALOG_COMPILER_APPICON_NAME = AppIcon;
				ASSETCATALOG_COMPILER_GLOBAL_ACCENT_COLOR_NAME = AccentColor;
				CODE_SIGN_STYLE = Automatic;
				DEVELOPMENT_TEAM = Y2Q2VG4G5D;
				INFOPLIST_FILE = GradientView/Info.plist;
				LD_RUNPATH_SEARCH_PATHS = (
					"$(inherited)",
					"@executable_path/Frameworks",
				);
				PRODUCT_BUNDLE_IDENTIFIER = com.sinankara.GradientView;
				PRODUCT_NAME = "$(TARGET_NAME)";
				SWIFT_VERSION = 5.0;
				TARGETED_DEVICE_FAMILY = "1,2";
			};
			name = Debug;
		};
		6BDA46D425D273F2002EB204 /* Release */ = {
			isa = XCBuildConfiguration;
			buildSettings = {
				ASSETCATALOG_COMPILER_APPICON_NAME = AppIcon;
				ASSETCATALOG_COMPILER_GLOBAL_ACCENT_COLOR_NAME = AccentColor;
				CODE_SIGN_STYLE = Automatic;
				DEVELOPMENT_TEAM = Y2Q2VG4G5D;
				INFOPLIST_FILE = GradientView/Info.plist;
				LD_RUNPATH_SEARCH_PATHS = (
					"$(inherited)",
					"@executable_path/Frameworks",
				);
				PRODUCT_BUNDLE_IDENTIFIER = com.sinankara.GradientView;
				PRODUCT_NAME = "$(TARGET_NAME)";
				SWIFT_VERSION = 5.0;
				TARGETED_DEVICE_FAMILY = "1,2";
			};
			name = Release;
		};
/* End XCBuildConfiguration section */

/* Begin XCConfigurationList section */
		6BDA46B925D273F1002EB204 /* Build configuration list for PBXProject "GradientView" */ = {
			isa = XCConfigurationList;
			buildConfigurations = (
				6BDA46D025D273F2002EB204 /* Debug */,
				6BDA46D125D273F2002EB204 /* Release */,
			);
			defaultConfigurationIsVisible = 0;
			defaultConfigurationName = Release;
		};
		6BDA46D225D273F2002EB204 /* Build configuration list for PBXNativeTarget "GradientView" */ = {
			isa = XCConfigurationList;
			buildConfigurations = (
				6BDA46D325D273F2002EB204 /* Debug */,
				6BDA46D425D273F2002EB204 /* Release */,
			);
			defaultConfigurationIsVisible = 0;
			defaultConfigurationName = Release;
		};
/* End XCConfigurationList section */
	};
	rootObject = 6BDA46B625D273F1002EB204 /* Project object */;
}
